
Microsoft Visual Studio Solution File, Format Version 12.00
# Visual Studio 15
VisualStudioVersion = 15.0.28010.2003
MinimumVisualStudioVersion = 10.0.40219.1
Project("{2150E333-8FDC-42A3-9474-1A3956D46DE8}") = "02-Services", "02-Services", "{09A300AC-EF94-4AF5-AE00-C7015715388A}"
EndProject
Project("{2150E333-8FDC-42A3-9474-1A3956D46DE8}") = "03-WebApps", "03-WebApps", "{318BA816-A2C3-42E2-ACA8-D8DF501DD165}"
EndProject
Project("{2150E333-8FDC-42A3-9474-1A3956D46DE8}") = "01-ApiGateways", "01-ApiGateways", "{3728A61A-582F-4B5B-B38B-FA33CFC79ED2}"
EndProject
Project("{2150E333-8FDC-42A3-9474-1A3956D46DE8}") = "Test", "Test", "{4E9F5723-218C-41E2-B3CB-AA4CE0F3FA53}"
EndProject
Project("{9A19103F-16F7-4668-BE54-9A1E7A4F7556}") = "YTCute.Web.UI", "YTCute.Web.UI\YTCute.Web.UI.csproj", "{5475B18B-6132-4461-B950-AF4B76274887}"
EndProject
Project("{9A19103F-16F7-4668-BE54-9A1E7A4F7556}") = "YTCute.Identity.API", "YTCute.Services\YTCute.Identity.API\YTCute.Identity.API.csproj", "{EAB1ECB2-EEAD-4566-A25A-59906C597934}"
EndProject
Project("{9A19103F-16F7-4668-BE54-9A1E7A4F7556}") = "YTCute.Article.API", "YTCute.Services\YTCute.Article.API\YTCute.Article.API.csproj", "{A811EA6D-AF22-4565-A3B1-94576192F339}"
EndProject
Project("{9A19103F-16F7-4668-BE54-9A1E7A4F7556}") = "YTCute.News.API", "YTCute.Services\YTCute.News.API\YTCute.News.API.csproj", "{034BA348-BEEB-43E3-B1F3-4F66BDF951E9}"
EndProject
Project("{9A19103F-16F7-4668-BE54-9A1E7A4F7556}") = "YTCute.Ocelot.ApiGw", "YTCute.ApiGateways\YTCute.Ocelot.ApiGw\YTCute.Ocelot.ApiGw.csproj", "{95F522CF-3585-44AC-9475-F63C7B9BB121}"
EndProject
Project("{9A19103F-16F7-4668-BE54-9A1E7A4F7556}") = "YTCute.Test", "YTCute.Test\YTCute.Test\YTCute.Test.csproj", "{3E6EF668-9C63-4EA5-9C59-79AADD62BDB4}"
EndProject
Project("{2150E333-8FDC-42A3-9474-1A3956D46DE8}") = "04-BuildingBlocks", "04-BuildingBlocks", "{64EA396D-96E3-4D2B-9C09-3310FF5CFB8B}"
EndProject
Project("{9A19103F-16F7-4668-BE54-9A1E7A4F7556}") = "YTCute.Resilience.Http", "YTCute.BuildingBlocks\YTCute.Resilience.Http\YTCute.Resilience.Http.csproj", "{3666D87E-0B33-417B-AD30-9FDF6A94C6D3}"
EndProject
Project("{E53339B2-1760-4266-BCC7-CA923CBCF16C}") = "docker-compose", "docker-compose.dcproj", "{CF54A5B9-7B9A-4340-9821-922D60419E7C}"
EndProject
Global
	GlobalSection(SolutionConfigurationPlatforms) = preSolution
		Debug|Any CPU = Debug|Any CPU
		Release|Any CPU = Release|Any CPU
	EndGlobalSection
	GlobalSection(ProjectConfigurationPlatforms) = postSolution
		{5475B18B-6132-4461-B950-AF4B76274887}.Debug|Any CPU.ActiveCfg = Debug|Any CPU
		{5475B18B-6132-4461-B950-AF4B76274887}.Debug|Any CPU.Build.0 = Debug|Any CPU
		{5475B18B-6132-4461-B950-AF4B76274887}.Release|Any CPU.ActiveCfg = Release|Any CPU
		{5475B18B-6132-4461-B950-AF4B76274887}.Release|Any CPU.Build.0 = Release|Any CPU
		{EAB1ECB2-EEAD-4566-A25A-59906C597934}.Debug|Any CPU.ActiveCfg = Debug|Any CPU
		{EAB1ECB2-EEAD-4566-A25A-59906C597934}.Debug|Any CPU.Build.0 = Debug|Any CPU
		{EAB1ECB2-EEAD-4566-A25A-59906C597934}.Release|Any CPU.ActiveCfg = Release|Any CPU
		{EAB1ECB2-EEAD-4566-A25A-59906C597934}.Release|Any CPU.Build.0 = Release|Any CPU
		{A811EA6D-AF22-4565-A3B1-94576192F339}.Debug|Any CPU.ActiveCfg = Debug|Any CPU
		{A811EA6D-AF22-4565-A3B1-94576192F339}.Debug|Any CPU.Build.0 = Debug|Any CPU
		{A811EA6D-AF22-4565-A3B1-94576192F339}.Release|Any CPU.ActiveCfg = Release|Any CPU
		{A811EA6D-AF22-4565-A3B1-94576192F339}.Release|Any CPU.Build.0 = Release|Any CPU
		{034BA348-BEEB-43E3-B1F3-4F66BDF951E9}.Debug|Any CPU.ActiveCfg = Debug|Any CPU
		{034BA348-BEEB-43E3-B1F3-4F66BDF951E9}.Debug|Any CPU.Build.0 = Debug|Any CPU
		{034BA348-BEEB-43E3-B1F3-4F66BDF951E9}.Release|Any CPU.ActiveCfg = Release|Any CPU
		{034BA348-BEEB-43E3-B1F3-4F66BDF951E9}.Release|Any CPU.Build.0 = Release|Any CPU
		{95F522CF-3585-44AC-9475-F63C7B9BB121}.Debug|Any CPU.ActiveCfg = Debug|Any CPU
		{95F522CF-3585-44AC-9475-F63C7B9BB121}.Debug|Any CPU.Build.0 = Debug|Any CPU
		{95F522CF-3585-44AC-9475-F63C7B9BB121}.Release|Any CPU.ActiveCfg = Release|Any CPU
		{95F522CF-3585-44AC-9475-F63C7B9BB121}.Release|Any CPU.Build.0 = Release|Any CPU
		{3E6EF668-9C63-4EA5-9C59-79AADD62BDB4}.Debug|Any CPU.ActiveCfg = Debug|Any CPU
		{3E6EF668-9C63-4EA5-9C59-79AADD62BDB4}.Debug|Any CPU.Build.0 = Debug|Any CPU
		{3E6EF668-9C63-4EA5-9C59-79AADD62BDB4}.Release|Any CPU.ActiveCfg = Release|Any CPU
		{3E6EF668-9C63-4EA5-9C59-79AADD62BDB4}.Release|Any CPU.Build.0 = Release|Any CPU
		{3666D87E-0B33-417B-AD30-9FDF6A94C6D3}.Debug|Any CPU.ActiveCfg = Debug|Any CPU
		{3666D87E-0B33-417B-AD30-9FDF6A94C6D3}.Debug|Any CPU.Build.0 = Debug|Any CPU
		{3666D87E-0B33-417B-AD30-9FDF6A94C6D3}.Release|Any CPU.ActiveCfg = Release|Any CPU
		{3666D87E-0B33-417B-AD30-9FDF6A94C6D3}.Release|Any CPU.Build.0 = Release|Any CPU
		{CF54A5B9-7B9A-4340-9821-922D60419E7C}.Debug|Any CPU.ActiveCfg = Debug|Any CPU
		{CF54A5B9-7B9A-4340-9821-922D60419E7C}.Debug|Any CPU.Build.0 = Debug|Any CPU
		{CF54A5B9-7B9A-4340-9821-922D60419E7C}.Release|Any CPU.ActiveCfg = Release|Any CPU
		{CF54A5B9-7B9A-4340-9821-922D60419E7C}.Release|Any CPU.Build.0 = Release|Any CPU
	EndGlobalSection
	GlobalSection(SolutionProperties) = preSolution
		HideSolutionNode = FALSE
	EndGlobalSection
	GlobalSection(NestedProjects) = preSolution
		{5475B18B-6132-4461-B950-AF4B76274887} = {318BA816-A2C3-42E2-ACA8-D8DF501DD165}
		{EAB1ECB2-EEAD-4566-A25A-59906C597934} = {09A300AC-EF94-4AF5-AE00-C7015715388A}
		{A811EA6D-AF22-4565-A3B1-94576192F339} = {09A300AC-EF94-4AF5-AE00-C7015715388A}
		{034BA348-BEEB-43E3-B1F3-4F66BDF951E9} = {09A300AC-EF94-4AF5-AE00-C7015715388A}
		{95F522CF-3585-44AC-9475-F63C7B9BB121} = {3728A61A-582F-4B5B-B38B-FA33CFC79ED2}
		{3E6EF668-9C63-4EA5-9C59-79AADD62BDB4} = {4E9F5723-218C-41E2-B3CB-AA4CE0F3FA53}
		{3666D87E-0B33-417B-AD30-9FDF6A94C6D3} = {64EA396D-96E3-4D2B-9C09-3310FF5CFB8B}
	EndGlobalSection
	GlobalSection(ExtensibilityGlobals) = postSolution
		SolutionGuid = {CDACB5B8-E568-4CE0-86C6-03B9831466D6}
	EndGlobalSection
EndGlobal
